
Microsoft Visual Studio Solution File, Format Version 11.00
# Visual Studio 2010
Project("{FAE04EC0-301F-11D3-BF4B-00C04F79EFBC}") = "AddShapefileAndRasterData", "AddShapefileAndRasterData\AddShapefileAndRasterData.csproj", "{FFA6E683-7E3B-4AAC-8BA2-39094A3726E1}"
EndProject
Global
	GlobalSection(SolutionConfigurationPlatforms) = preSolution
		Debug|Any CPU = Debug|Any CPU
		Release|Any CPU = Release|Any CPU
	EndGlobalSection
	GlobalSection(ProjectConfigurationPlatforms) = postSolution
		{FFA6E683-7E3B-4AAC-8BA2-39094A3726E1}.Debug|Any CPU.ActiveCfg = Debug|Any CPU
		{FFA6E683-7E3B-4AAC-8BA2-39094A3726E1}.Debug|Any CPU.Build.0 = Debug|Any CPU
		{FFA6E683-7E3B-4AAC-8BA2-39094A3726E1}.Release|Any CPU.ActiveCfg = Release|Any CPU
		{FFA6E683-7E3B-4AAC-8BA2-39094A3726E1}.Release|Any CPU.Build.0 = Release|Any CPU
	EndGlobalSection
	GlobalSection(SolutionProperties) = preSolution
		HideSolutionNode = FALSE
	EndGlobalSection
EndGlobal
